// !$*UTF8*$!
{
	archiveVersion = 1;
	classes = {
	};
	objectVersion = 50;
	objects = {

/* Begin PBXBuildFile section */
		DBC5B42921FB96C100F5713E /* AppDelegate.swift in Sources */ = {isa = PBXBuildFile; fileRef = DBC5B42821FB96C100F5713E /* AppDelegate.swift */; };
		DBC5B42B21FB96C100F5713E /* ViewController.swift in Sources */ = {isa = PBXBuildFile; fileRef = DBC5B42A21FB96C100F5713E /* ViewController.swift */; };
		DBC5B43021FB96C300F5713E /* Assets.xcassets in Resources */ = {isa = PBXBuildFile; fileRef = DBC5B42F21FB96C300F5713E /* Assets.xcassets */; };
		DBC5B43321FB96C300F5713E /* LaunchScreen.storyboard in Resources */ = {isa = PBXBuildFile; fileRef = DBC5B43121FB96C300F5713E /* LaunchScreen.storyboard */; };
		DBC5B43D21FB9B2400F5713E /* Storyboard.storyboard in Resources */ = {isa = PBXBuildFile; fileRef = DBC5B43C21FB9B2400F5713E /* Storyboard.storyboard */; };
		DBC5B43F21FC2ADA00F5713E /* Extensions.swift in Sources */ = {isa = PBXBuildFile; fileRef = DBC5B43E21FC2ADA00F5713E /* Extensions.swift */; };
/* End PBXBuildFile section */

/* Begin PBXFileReference section */
		DBC5B42521FB96C100F5713E /* Blog-AutoLayoutExample.app */ = {isa = PBXFileReference; explicitFileType = wrapper.application; includeInIndex = 0; path = "Blog-AutoLayoutExample.app"; sourceTree = BUILT_PRODUCTS_DIR; };
		DBC5B42821FB96C100F5713E /* AppDelegate.swift */ = {isa = PBXFileReference; lastKnownFileType = sourcecode.swift; path = AppDelegate.swift; sourceTree = "<group>"; };
		DBC5B42A21FB96C100F5713E /* ViewController.swift */ = {isa = PBXFileReference; lastKnownFileType = sourcecode.swift; path = ViewController.swift; sourceTree = "<group>"; };
		DBC5B42F21FB96C300F5713E /* Assets.xcassets */ = {isa = PBXFileReference; lastKnownFileType = folder.assetcatalog; path = Assets.xcassets; sourceTree = "<group>"; };
		DBC5B43221FB96C300F5713E /* Base */ = {isa = PBXFileReference; lastKnownFileType = file.storyboard; name = Base; path = Base.lproj/LaunchScreen.storyboard; sourceTree = "<group>"; };
		DBC5B43421FB96C300F5713E /* Info.plist */ = {isa = PBXFileReference; lastKnownFileType = text.plist.xml; path = Info.plist; sourceTree = "<group>"; };
		DBC5B43C21FB9B2400F5713E /* Storyboard.storyboard */ = {isa = PBXFileReference; lastKnownFileType = file.storyboard; path = Storyboard.storyboard; sourceTree = "<group>"; };
		DBC5B43E21FC2ADA00F5713E /* Extensions.swift */ = {isa = PBXFileReference; lastKnownFileType = sourcecode.swift; path = Extensions.swift; sourceTree = "<group>"; };
/* End PBXFileReference section */

/* Begin PBXFrameworksBuildPhase section */
		DBC5B42221FB96C100F5713E /* Frameworks */ = {
			isa = PBXFrameworksBuildPhase;
			buildActionMask = 2147483647;
			files = (
			);
			runOnlyForDeploymentPostprocessing = 0;
		};
/* End PBXFrameworksBuildPhase section */

/* Begin PBXGroup section */
		DBC5B41C21FB96C100F5713E = {
			isa = PBXGroup;
			children = (
				DBC5B42721FB96C100F5713E /* Blog-AutoLayoutExample */,
				DBC5B42621FB96C100F5713E /* Products */,
			);
			sourceTree = "<group>";
		};
		DBC5B42621FB96C100F5713E /* Products */ = {
			isa = PBXGroup;
			children = (
				DBC5B42521FB96C100F5713E /* Blog-AutoLayoutExample.app */,
			);
			name = Products;
			sourceTree = "<group>";
		};
		DBC5B42721FB96C100F5713E /* Blog-AutoLayoutExample */ = {
			isa = PBXGroup;
			children = (
				DBC5B42821FB96C100F5713E /* AppDelegate.swift */,
				DBC5B42A21FB96C100F5713E /* ViewController.swift */,
				DBC5B42F21FB96C300F5713E /* Assets.xcassets */,
				DBC5B43121FB96C300F5713E /* LaunchScreen.storyboard */,
				DBC5B43421FB96C300F5713E /* Info.plist */,
				DBC5B43C21FB9B2400F5713E /* Storyboard.storyboard */,
				DBC5B43E21FC2ADA00F5713E /* Extensions.swift */,
			);
			path = "Blog-AutoLayoutExample";
			sourceTree = "<group>";
		};
/* End PBXGroup section */

/* Begin PBXNativeTarget section */
		DBC5B42421FB96C100F5713E /* Blog-AutoLayoutExample */ = {
			isa = PBXNativeTarget;
			buildConfigurationList = DBC5B43721FB96C300F5713E /* Build configuration list for PBXNativeTarget "Blog-AutoLayoutExample" */;
			buildPhases = (
				DBC5B42121FB96C100F5713E /* Sources */,
				DBC5B42221FB96C100F5713E /* Frameworks */,
				DBC5B42321FB96C100F5713E /* Resources */,
			);
			buildRules = (
			);
			dependencies = (
			);
			name = "Blog-AutoLayoutExample";
			productName = "Blog-AutoLayoutExample";
			productReference = DBC5B42521FB96C100F5713E /* Blog-AutoLayoutExample.app */;
			productType = "com.apple.product-type.application";
		};
/* End PBXNativeTarget section */

/* Begin PBXProject section */
		DBC5B41D21FB96C100F5713E /* Project object */ = {
			isa = PBXProject;
			attributes = {
				LastSwiftUpdateCheck = 1010;
				LastUpgradeCheck = 1010;
				ORGANIZATIONNAME = "Bryan Lew";
				TargetAttributes = {
					DBC5B42421FB96C100F5713E = {
						CreatedOnToolsVersion = 10.1;
					};
				};
			};
			buildConfigurationList = DBC5B42021FB96C100F5713E /* Build configuration list for PBXProject "Blog-AutoLayoutExample" */;
			compatibilityVersion = "Xcode 9.3";
			developmentRegion = en;
			hasScannedForEncodings = 0;
			knownRegions = (
				en,
				Base,
			);
			mainGroup = DBC5B41C21FB96C100F5713E;
			productRefGroup = DBC5B42621FB96C100F5713E /* Products */;
			projectDirPath = "";
			projectRoot = "";
			targets = (
				DBC5B42421FB96C100F5713E /* Blog-AutoLayoutExample */,
			);
		};
/* End PBXProject section */

/* Begin PBXResourcesBuildPhase section */
		DBC5B42321FB96C100F5713E /* Resources */ = {
			isa = PBXResourcesBuildPhase;
			buildActionMask = 2147483647;
			files = (
				DBC5B43321FB96C300F5713E /* LaunchScreen.storyboard in Resources */,
				DBC5B43021FB96C300F5713E /* Assets.xcassets in Resources */,
				DBC5B43D21FB9B2400F5713E /* Storyboard.storyboard in Resources */,
			);
			runOnlyForDeploymentPostprocessing = 0;
		};
/* End PBXResourcesBuildPhase section */

/* Begin PBXSourcesBuildPhase section */
		DBC5B42121FB96C100F5713E /* Sources */ = {
			isa = PBXSourcesBuildPhase;
			buildActionMask = 2147483647;
			files = (
				DBC5B42B21FB96C100F5713E /* ViewController.swift in Sources */,
				DBC5B43F21FC2ADA00F5713E /* Extensions.swift in Sources */,
				DBC5B42921FB96C100F5713E /* AppDelegate.swift in Sources */,
			);
			runOnlyForDeploymentPostprocessing = 0;
		};
/* End PBXSourcesBuildPhase section */

/* Begin PBXVariantGroup section */
		DBC5B43121FB96C300F5713E /* LaunchScreen.storyboard */ = {
			isa = PBXVariantGroup;
			children = (
				DBC5B43221FB96C300F5713E /* Base */,
			);
			name = LaunchScreen.storyboard;
			sourceTree = "<group>";
		};
/* End PBXVariantGroup section */

/* Begin XCBuildConfiguration section */
		DBC5B43521FB96C300F5713E /* Debug */ = {
			isa = XCBuildConfiguration;
			buildSettings = {
				ALWAYS_SEARCH_USER_PATHS = NO;
				CLANG_ANALYZER_NONNULL = YES;
				CLANG_ANALYZER_NUMBER_OBJECT_CONVERSION = YES_AGGRESSIVE;
				CLANG_CXX_LANGUAGE_STANDARD = "gnu++14";
				CLANG_CXX_LIBRARY = "libc++";
				CLANG_ENABLE_MODULES = YES;
				CLANG_ENABLE_OBJC_ARC = YES;
				CLANG_ENABLE_OBJC_WEAK = YES;
				CLANG_WARN_BLOCK_CAPTURE_AUTORELEASING = YES;
				CLANG_WARN_BOOL_CONVERSION = YES;
				CLANG_WARN_COMMA = YES;
				CLANG_WARN_CONSTANT_CONVERSION = YES;
				CLANG_WARN_DEPRECATED_OBJC_IMPLEMENTATIONS = YES;
				CLANG_WARN_DIRECT_OBJC_ISA_USAGE = YES_ERROR;
				CLANG_WARN_DOCUMENTATION_COMMENTS = YES;
				CLANG_WARN_EMPTY_BODY = YES;
				CLANG_WARN_ENUM_CONVERSION = YES;
				CLANG_WARN_INFINITE_RECURSION = YES;
				CLANG_WARN_INT_CONVERSION = YES;
				CLANG_WARN_NON_LITERAL_NULL_CONVERSION = YES;
				CLANG_WARN_OBJC_IMPLICIT_RETAIN_SELF = YES;
				CLANG_WARN_OBJC_LITERAL_CONVERSION = YES;
				CLANG_WARN_OBJC_ROOT_CLASS = YES_ERROR;
				CLANG_WARN_RANGE_LOOP_ANALYSIS = YES;
				CLANG_WARN_STRICT_PROTOTYPES = YES;
				CLANG_WARN_SUSPICIOUS_MOVE = YES;
				CLANG_WARN_UNGUARDED_AVAILABILITY = YES_AGGRESSIVE;
				CLANG_WARN_UNREACHABLE_CODE = YES;
				CLANG_WARN__DUPLICATE_METHOD_MATCH = YES;
				CODE_SIGN_IDENTITY = "iPhone Developer";
				COPY_PHASE_STRIP = NO;
				DEBUG_INFORMATION_FORMAT = dwarf;
				ENABLE_STRICT_OBJC_MSGSEND = YES;
				ENABLE_TESTABILITY = YES;
				GCC_C_LANGUAGE_STANDARD = gnu11;
				GCC_DYNAMIC_NO_PIC = NO;
				GCC_NO_COMMON_BLOCKS = YES;
				GCC_OPTIMIZATION_LEVEL = 0;
				GCC_PREPROCESSOR_DEFINITIONS = (
					"DEBUG=1",
					"$(inherited)",
				);
				GCC_WARN_64_TO_32_BIT_CONVERSION = YES;
				GCC_WARN_ABOUT_RETURN_TYPE = YES_ERROR;
				GCC_WARN_UNDECLARED_SELECTOR = YES;
				GCC_WARN_UNINITIALIZED_AUTOS = YES_AGGRESSIVE;
				GCC_WARN_UNUSED_FUNCTION = YES;
				GCC_WARN_UNUSED_VARIABLE = YES;
				IPHONEOS_DEPLOYMENT_TARGET = 12.1;
				MTL_ENABLE_DEBUG_INFO = INCLUDE_SOURCE;
				MTL_FAST_MATH = YES;
				ONLY_ACTIVE_ARCH = YES;
				SDKROOT = iphoneos;
				SWIFT_ACTIVE_COMPILATION_CONDITIONS = DEBUG;
				SWIFT_OPTIMIZATION_LEVEL = "-Onone";
			};
			name = Debug;
		};
		DBC5B43621FB96C300F5713E /* Release */ = {
			isa = XCBuildConfiguration;
			buildSettings = {
				ALWAYS_SEARCH_USER_PATHS = NO;
				CLANG_ANALYZER_NONNULL = YES;
				CLANG_ANALYZER_NUMBER_OBJECT_CONVERSION = YES_AGGRESSIVE;
				CLANG_CXX_LANGUAGE_STANDARD = "gnu++14";
				CLANG_CXX_LIBRARY = "libc++";
				CLANG_ENABLE_MODULES = YES;
				CLANG_ENABLE_OBJC_ARC = YES;
				CLANG_ENABLE_OBJC_WEAK = YES;
				CLANG_WARN_BLOCK_CAPTURE_AUTORELEASING = YES;
				CLANG_WARN_BOOL_CONVERSION = YES;
				CLANG_WARN_COMMA = YES;
				CLANG_WARN_CONSTANT_CONVERSION = YES;
				CLANG_WARN_DEPRECATED_OBJC_IMPLEMENTATIONS = YES;
				CLANG_WARN_DIRECT_OBJC_ISA_USAGE = YES_ERROR;
				CLANG_WARN_DOCUMENTATION_COMMENTS = YES;
				CLANG_WARN_EMPTY_BODY = YES;
				CLANG_WARN_ENUM_CONVERSION = YES;
				CLANG_WARN_INFINITE_RECURSION = YES;
				CLANG_WARN_INT_CONVERSION = YES;
				CLANG_WARN_NON_LITERAL_NULL_CONVERSION = YES;
				CLANG_WARN_OBJC_IMPLICIT_RETAIN_SELF = YES;
				CLANG_WARN_OBJC_LITERAL_CONVERSION = YES;
				CLANG_WARN_OBJC_ROOT_CLASS = YES_ERROR;
				CLANG_WARN_RANGE_LOOP_ANALYSIS = YES;
				CLANG_WARN_STRICT_PROTOTYPES = YES;
				CLANG_WARN_SUSPICIOUS_MOVE = YES;
				CLANG_WARN_UNGUARDED_AVAILABILITY = YES_AGGRESSIVE;
				CLANG_WARN_UNREACHABLE_CODE = YES;
				CLANG_WARN__DUPLICATE_METHOD_MATCH = YES;
				CODE_SIGN_IDENTITY = "iPhone Developer";
				COPY_PHASE_STRIP = NO;
				DEBUG_INFORMATION_FORMAT = "dwarf-with-dsym";
				ENABLE_NS_ASSERTIONS = NO;
				ENABLE_STRICT_OBJC_MSGSEND = YES;
				GCC_C_LANGUAGE_STANDARD = gnu11;
				GCC_NO_COMMON_BLOCKS = YES;
				GCC_WARN_64_TO_32_BIT_CONVERSION = YES;
				GCC_WARN_ABOUT_RETURN_TYPE = YES_ERROR;
				GCC_WARN_UNDECLARED_SELECTOR = YES;
				GCC_WARN_UNINITIALIZED_AUTOS = YES_AGGRESSIVE;
				GCC_WARN_UNUSED_FUNCTION = YES;
				GCC_WARN_UNUSED_VARIABLE = YES;
				IPHONEOS_DEPLOYMENT_TARGET = 12.1;
				MTL_ENABLE_DEBUG_INFO = NO;
				MTL_FAST_MATH = YES;
				SDKROOT = iphoneos;
				SWIFT_COMPILATION_MODE = wholemodule;
				SWIFT_OPTIMIZATION_LEVEL = "-O";
				VALIDATE_PRODUCT = YES;
			};
			name = Release;
		};
		DBC5B43821FB96C300F5713E /* Debug */ = {
			isa = XCBuildConfiguration;
			buildSettings = {
				ASSETCATALOG_COMPILER_APPICON_NAME = AppIcon;
				CODE_SIGN_STYLE = Automatic;
				DEVELOPMENT_TEAM = L9PJ93RP54;
				INFOPLIST_FILE = "Blog-AutoLayoutExample/Info.plist";
				LD_RUNPATH_SEARCH_PATHS = (
					"$(inherited)",
					"@executable_path/Frameworks",
				);
				PRODUCT_BUNDLE_IDENTIFIER = "com.blewjy.Blog-AutoLayoutExample";
				PRODUCT_NAME = "$(TARGET_NAME)";
				SWIFT_VERSION = 4.2;
				TARGETED_DEVICE_FAMILY = "1,2";
			};
			name = Debug;
		};
		DBC5B43921FB96C300F5713E /* Release */ = {
			isa = XCBuildConfiguration;
			buildSettings = {
				ASSETCATALOG_COMPILER_APPICON_NAME = AppIcon;
				CODE_SIGN_STYLE = Automatic;
				DEVELOPMENT_TEAM = L9PJ93RP54;
				INFOPLIST_FILE = "Blog-AutoLayoutExample/Info.plist";
				LD_RUNPATH_SEARCH_PATHS = (
					"$(inherited)",
					"@executable_path/Frameworks",
				);
				PRODUCT_BUNDLE_IDENTIFIER = "com.blewjy.Blog-AutoLayoutExample";
				PRODUCT_NAME = "$(TARGET_NAME)";
				SWIFT_VERSION = 4.2;
				TARGETED_DEVICE_FAMILY = "1,2";
			};
			name = Release;
		};
/* End XCBuildConfiguration section */

/* Begin XCConfigurationList section */
		DBC5B42021FB96C100F5713E /* Build configuration list for PBXProject "Blog-AutoLayoutExample" */ = {
			isa = XCConfigurationList;
			buildConfigurations = (
				DBC5B43521FB96C300F5713E /* Debug */,
				DBC5B43621FB96C300F5713E /* Release */,
			);
			defaultConfigurationIsVisible = 0;
			defaultConfigurationName = Release;
		};
		DBC5B43721FB96C300F5713E /* Build configuration list for PBXNativeTarget "Blog-AutoLayoutExample" */ = {
			isa = XCConfigurationList;
			buildConfigurations = (
				DBC5B43821FB96C300F5713E /* Debug */,
				DBC5B43921FB96C300F5713E /* Release */,
			);
			defaultConfigurationIsVisible = 0;
			defaultConfigurationName = Release;
		};
/* End XCConfigurationList section */
	};
	rootObject = DBC5B41D21FB96C100F5713E /* Project object */;
}
